
Microsoft Visual Studio Solution File, Format Version 12.00
# Visual Studio Version 18
VisualStudioVersion = 18.3.11310.294
MinimumVisualStudioVersion = 10.0.40219.1
Project("{FAE04EC0-301F-11D3-BF4B-00C04F79EFBC}") = "UnimarFrontend.backend", "UnimarFrontend.backend\UnimarFrontend.backend.csproj", "{2680AC42-1385-41B2-B596-BA45F5F05E2B}"
EndProject
Project("{FAE04EC0-301F-11D3-BF4B-00C04F79EFBC}") = "UnimarFrontend.Tests", "UnimarFrontend.Tests\UnimarFrontend.Tests.csproj", "{46A5CFCF-8D9D-49DF-8986-77E1955164B2}"
EndProject
Project("{FAE04EC0-301F-11D3-BF4B-00C04F79EFBC}") = "UnimarFrontend.Infra", "UnimarFrontend.Infra\UnimarFrontend.Infra.csproj", "{3E351EED-D093-4C5F-A525-0C51B45E0C1C}"
EndProject
Project("{FAE04EC0-301F-11D3-BF4B-00C04F79EFBC}") = "UnimarFrontend.Dominio", "UnimarFrontend.Dominio\UnimarFrontend.Dominio.csproj", "{8B932E9B-78D1-48F5-96F6-7BDD9B1B3FD2}"
EndProject
Project("{2150E333-8FDC-42A3-9474-1A3956D46DE8}") = ".github", ".github", "{F151C3EB-4ABA-417E-B39A-3A7CABDA5B31}"
EndProject
Project("{2150E333-8FDC-42A3-9474-1A3956D46DE8}") = "workflows", "workflows", "{7367061C-6D10-4F7C-A82B-56FFF604EE41}"
EndProject
Global
	GlobalSection(SolutionConfigurationPlatforms) = preSolution
		Debug|Any CPU = Debug|Any CPU
		Release|Any CPU = Release|Any CPU
	EndGlobalSection
	GlobalSection(ProjectConfigurationPlatforms) = postSolution
		{2680AC42-1385-41B2-B596-BA45F5F05E2B}.Debug|Any CPU.ActiveCfg = Debug|Any CPU
		{2680AC42-1385-41B2-B596-BA45F5F05E2B}.Debug|Any CPU.Build.0 = Debug|Any CPU
		{2680AC42-1385-41B2-B596-BA45F5F05E2B}.Release|Any CPU.ActiveCfg = Release|Any CPU
		{2680AC42-1385-41B2-B596-BA45F5F05E2B}.Release|Any CPU.Build.0 = Release|Any CPU
		{46A5CFCF-8D9D-49DF-8986-77E1955164B2}.Debug|Any CPU.ActiveCfg = Debug|Any CPU
		{46A5CFCF-8D9D-49DF-8986-77E1955164B2}.Debug|Any CPU.Build.0 = Debug|Any CPU
		{46A5CFCF-8D9D-49DF-8986-77E1955164B2}.Release|Any CPU.ActiveCfg = Release|Any CPU
		{46A5CFCF-8D9D-49DF-8986-77E1955164B2}.Release|Any CPU.Build.0 = Release|Any CPU
		{3E351EED-D093-4C5F-A525-0C51B45E0C1C}.Debug|Any CPU.ActiveCfg = Debug|Any CPU
		{3E351EED-D093-4C5F-A525-0C51B45E0C1C}.Debug|Any CPU.Build.0 = Debug|Any CPU
		{3E351EED-D093-4C5F-A525-0C51B45E0C1C}.Release|Any CPU.ActiveCfg = Release|Any CPU
		{3E351EED-D093-4C5F-A525-0C51B45E0C1C}.Release|Any CPU.Build.0 = Release|Any CPU
		{8B932E9B-78D1-48F5-96F6-7BDD9B1B3FD2}.Debug|Any CPU.ActiveCfg = Debug|Any CPU
		{8B932E9B-78D1-48F5-96F6-7BDD9B1B3FD2}.Debug|Any CPU.Build.0 = Debug|Any CPU
		{8B932E9B-78D1-48F5-96F6-7BDD9B1B3FD2}.Release|Any CPU.ActiveCfg = Release|Any CPU
		{8B932E9B-78D1-48F5-96F6-7BDD9B1B3FD2}.Release|Any CPU.Build.0 = Release|Any CPU
	EndGlobalSection
	GlobalSection(SolutionProperties) = preSolution
		HideSolutionNode = FALSE
	EndGlobalSection
	GlobalSection(NestedProjects) = preSolution
		{7367061C-6D10-4F7C-A82B-56FFF604EE41} = {F151C3EB-4ABA-417E-B39A-3A7CABDA5B31}
	EndGlobalSection
	GlobalSection(ExtensibilityGlobals) = postSolution
		SolutionGuid = {82D9604E-F736-4218-BF02-016797F21C9E}
	EndGlobalSection
EndGlobal
