
Microsoft Visual Studio Solution File, Format Version 12.00
# Visual Studio Version 17
VisualStudioVersion = 17.14.36408.4
MinimumVisualStudioVersion = 10.0.40219.1
Project("{FAE04EC0-301F-11D3-BF4B-00C04F79EFBC}") = "UnimarFrontend.backend", "UnimarFrontend.backend\UnimarFrontend.backend.csproj", "{2680AC42-1385-41B2-B596-BA45F5F05E2B}"
EndProject
Global
	GlobalSection(SolutionConfigurationPlatforms) = preSolution
		Debug|Any CPU = Debug|Any CPU
		Release|Any CPU = Release|Any CPU
	EndGlobalSection
	GlobalSection(ProjectConfigurationPlatforms) = postSolution
		{2680AC42-1385-41B2-B596-BA45F5F05E2B}.Debug|Any CPU.ActiveCfg = Debug|Any CPU
		{2680AC42-1385-41B2-B596-BA45F5F05E2B}.Debug|Any CPU.Build.0 = Debug|Any CPU
		{2680AC42-1385-41B2-B596-BA45F5F05E2B}.Release|Any CPU.ActiveCfg = Release|Any CPU
		{2680AC42-1385-41B2-B596-BA45F5F05E2B}.Release|Any CPU.Build.0 = Release|Any CPU
	EndGlobalSection
	GlobalSection(SolutionProperties) = preSolution
		HideSolutionNode = FALSE
	EndGlobalSection
	GlobalSection(ExtensibilityGlobals) = postSolution
		SolutionGuid = {82D9604E-F736-4218-BF02-016797F21C9E}
	EndGlobalSection
EndGlobal
